
Microsoft Visual Studio Solution File, Format Version 12.00
# Visual Studio Version 16
VisualStudioVersion = 16.0.29409.12
MinimumVisualStudioVersion = 10.0.40219.1
Project("{FAE04EC0-301F-11D3-BF4B-00C04F79EFBC}") = "VK_CMSIS_SVD_Test", "VK_CMSIS_SVD_Test\VK_CMSIS_SVD_Test.csproj", "{1156A409-6299-4BE1-A2C2-001478072CCB}"
EndProject
Project("{FAE04EC0-301F-11D3-BF4B-00C04F79EFBC}") = "cmcsis_svd", "cmcsis_svd\cmcsis_svd.csproj", "{AA7721FD-F8E5-490A-A600-2FBF3FCFC22E}"
EndProject
Project("{FAE04EC0-301F-11D3-BF4B-00C04F79EFBC}") = "VK_pyOCD_Ported", "VK_pyOCD_Ported\VK_pyOCD_Ported.csproj", "{8C028023-65CE-42FA-B11A-12260CC57081}"
EndProject
Project("{FAE04EC0-301F-11D3-BF4B-00C04F79EFBC}") = "UDPListener", "UDPListener\UDPListener.csproj", "{7DB9A116-9EC0-49FD-A35D-0C8A9EB16853}"
EndProject
Project("{FAE04EC0-301F-11D3-BF4B-00C04F79EFBC}") = "UDPSender", "UDPSender\UDPSender.csproj", "{53F5D6A3-7486-40F1-92C9-822A8BAC067C}"
EndProject
Project("{FAE04EC0-301F-11D3-BF4B-00C04F79EFBC}") = "WinUSBNetApp_VK", "WpfApp1\WinUSBNetApp_VK.csproj", "{64C933B8-E547-4CEE-973D-B685F4D45A0D}"
EndProject
Project("{9A19103F-16F7-4668-BE54-9A1E7A4F7556}") = "VK_pyOCD_Ported.Core", "VK_pyOCD_Ported\VK_pyOCD_Ported.Core.csproj", "{44EDD35D-D685-4DD3-BB67-29DD01AF5D9A}"
EndProject
Project("{9A19103F-16F7-4668-BE54-9A1E7A4F7556}") = "WinUSBNetApp_VK.Core", "WpfApp1\WinUSBNetApp_VK.Core.csproj", "{C38600BB-F066-4E48-A004-1082635F9DD4}"
EndProject
Global
	GlobalSection(SolutionConfigurationPlatforms) = preSolution
		Debug|Any CPU = Debug|Any CPU
		Release|Any CPU = Release|Any CPU
	EndGlobalSection
	GlobalSection(ProjectConfigurationPlatforms) = postSolution
		{1156A409-6299-4BE1-A2C2-001478072CCB}.Debug|Any CPU.ActiveCfg = Debug|Any CPU
		{1156A409-6299-4BE1-A2C2-001478072CCB}.Debug|Any CPU.Build.0 = Debug|Any CPU
		{1156A409-6299-4BE1-A2C2-001478072CCB}.Release|Any CPU.ActiveCfg = Release|Any CPU
		{1156A409-6299-4BE1-A2C2-001478072CCB}.Release|Any CPU.Build.0 = Release|Any CPU
		{AA7721FD-F8E5-490A-A600-2FBF3FCFC22E}.Debug|Any CPU.ActiveCfg = Debug|Any CPU
		{AA7721FD-F8E5-490A-A600-2FBF3FCFC22E}.Debug|Any CPU.Build.0 = Debug|Any CPU
		{AA7721FD-F8E5-490A-A600-2FBF3FCFC22E}.Release|Any CPU.ActiveCfg = Release|Any CPU
		{AA7721FD-F8E5-490A-A600-2FBF3FCFC22E}.Release|Any CPU.Build.0 = Release|Any CPU
		{8C028023-65CE-42FA-B11A-12260CC57081}.Debug|Any CPU.ActiveCfg = Debug|Any CPU
		{8C028023-65CE-42FA-B11A-12260CC57081}.Debug|Any CPU.Build.0 = Debug|Any CPU
		{8C028023-65CE-42FA-B11A-12260CC57081}.Release|Any CPU.ActiveCfg = Release|Any CPU
		{8C028023-65CE-42FA-B11A-12260CC57081}.Release|Any CPU.Build.0 = Release|Any CPU
		{7DB9A116-9EC0-49FD-A35D-0C8A9EB16853}.Debug|Any CPU.ActiveCfg = Debug|Any CPU
		{7DB9A116-9EC0-49FD-A35D-0C8A9EB16853}.Debug|Any CPU.Build.0 = Debug|Any CPU
		{7DB9A116-9EC0-49FD-A35D-0C8A9EB16853}.Release|Any CPU.ActiveCfg = Release|Any CPU
		{7DB9A116-9EC0-49FD-A35D-0C8A9EB16853}.Release|Any CPU.Build.0 = Release|Any CPU
		{53F5D6A3-7486-40F1-92C9-822A8BAC067C}.Debug|Any CPU.ActiveCfg = Debug|Any CPU
		{53F5D6A3-7486-40F1-92C9-822A8BAC067C}.Debug|Any CPU.Build.0 = Debug|Any CPU
		{53F5D6A3-7486-40F1-92C9-822A8BAC067C}.Release|Any CPU.ActiveCfg = Release|Any CPU
		{53F5D6A3-7486-40F1-92C9-822A8BAC067C}.Release|Any CPU.Build.0 = Release|Any CPU
		{64C933B8-E547-4CEE-973D-B685F4D45A0D}.Debug|Any CPU.ActiveCfg = Debug|Any CPU
		{64C933B8-E547-4CEE-973D-B685F4D45A0D}.Debug|Any CPU.Build.0 = Debug|Any CPU
		{64C933B8-E547-4CEE-973D-B685F4D45A0D}.Release|Any CPU.ActiveCfg = Debug|Any CPU
		{64C933B8-E547-4CEE-973D-B685F4D45A0D}.Release|Any CPU.Build.0 = Debug|Any CPU
		{44EDD35D-D685-4DD3-BB67-29DD01AF5D9A}.Debug|Any CPU.ActiveCfg = Debug|Any CPU
		{44EDD35D-D685-4DD3-BB67-29DD01AF5D9A}.Debug|Any CPU.Build.0 = Debug|Any CPU
		{44EDD35D-D685-4DD3-BB67-29DD01AF5D9A}.Release|Any CPU.ActiveCfg = Release|Any CPU
		{44EDD35D-D685-4DD3-BB67-29DD01AF5D9A}.Release|Any CPU.Build.0 = Release|Any CPU
		{C38600BB-F066-4E48-A004-1082635F9DD4}.Debug|Any CPU.ActiveCfg = Debug|Any CPU
		{C38600BB-F066-4E48-A004-1082635F9DD4}.Debug|Any CPU.Build.0 = Debug|Any CPU
		{C38600BB-F066-4E48-A004-1082635F9DD4}.Release|Any CPU.ActiveCfg = Release|Any CPU
		{C38600BB-F066-4E48-A004-1082635F9DD4}.Release|Any CPU.Build.0 = Release|Any CPU
	EndGlobalSection
	GlobalSection(SolutionProperties) = preSolution
		HideSolutionNode = FALSE
	EndGlobalSection
	GlobalSection(ExtensibilityGlobals) = postSolution
		SolutionGuid = {6C114929-C240-481F-A2C0-30CA2ED70690}
	EndGlobalSection
EndGlobal
